
Microsoft Visual Studio Solution File, Format Version 12.00
# Visual Studio Version 17
VisualStudioVersion = 17.13.35825.156 d17.13
MinimumVisualStudioVersion = 10.0.40219.1
Project("{FAE04EC0-301F-11D3-BF4B-00C04F79EFBC}") = "Imme", "Imme\Imme.csproj", "{19760AAF-C83F-43CB-8334-55CA6BF5F309}"
EndProject
Global
	GlobalSection(SolutionConfigurationPlatforms) = preSolution
		Debug|Any CPU = Debug|Any CPU
		Release|Any CPU = Release|Any CPU
	EndGlobalSection
	GlobalSection(ProjectConfigurationPlatforms) = postSolution
		{19760AAF-C83F-43CB-8334-55CA6BF5F309}.Debug|Any CPU.ActiveCfg = Debug|Any CPU
		{19760AAF-C83F-43CB-8334-55CA6BF5F309}.Debug|Any CPU.Build.0 = Debug|Any CPU
		{19760AAF-C83F-43CB-8334-55CA6BF5F309}.Release|Any CPU.ActiveCfg = Release|Any CPU
		{19760AAF-C83F-43CB-8334-55CA6BF5F309}.Release|Any CPU.Build.0 = Release|Any CPU
	EndGlobalSection
	GlobalSection(SolutionProperties) = preSolution
		HideSolutionNode = FALSE
	EndGlobalSection
	GlobalSection(ExtensibilityGlobals) = postSolution
		SolutionGuid = {62C7D94D-DE10-4011-9ACA-F3D3C242BD9F}
	EndGlobalSection
EndGlobal
